
Microsoft Visual Studio Solution File, Format Version 12.00
# Visual Studio 15
VisualStudioVersion = 15.0.28010.2019
MinimumVisualStudioVersion = 10.0.40219.1
Project("{FAE04EC0-301F-11D3-BF4B-00C04F79EFBC}") = "SPort_Driver", "SPort_Driver\SPort_Driver.csproj", "{13BC323C-00A6-428C-888B-AF544CC27AAE}"
EndProject
Project("{FAE04EC0-301F-11D3-BF4B-00C04F79EFBC}") = "Demo", "Demo\Demo.csproj", "{A27EFB4F-228C-4333-8677-995E708CE32B}"
EndProject
Global
	GlobalSection(SolutionConfigurationPlatforms) = preSolution
		Debug|Any CPU = Debug|Any CPU
		Release|Any CPU = Release|Any CPU
	EndGlobalSection
	GlobalSection(ProjectConfigurationPlatforms) = postSolution
		{13BC323C-00A6-428C-888B-AF544CC27AAE}.Debug|Any CPU.ActiveCfg = Debug|Any CPU
		{13BC323C-00A6-428C-888B-AF544CC27AAE}.Debug|Any CPU.Build.0 = Debug|Any CPU
		{13BC323C-00A6-428C-888B-AF544CC27AAE}.Release|Any CPU.ActiveCfg = Release|Any CPU
		{13BC323C-00A6-428C-888B-AF544CC27AAE}.Release|Any CPU.Build.0 = Release|Any CPU
		{A27EFB4F-228C-4333-8677-995E708CE32B}.Debug|Any CPU.ActiveCfg = Debug|Any CPU
		{A27EFB4F-228C-4333-8677-995E708CE32B}.Debug|Any CPU.Build.0 = Debug|Any CPU
		{A27EFB4F-228C-4333-8677-995E708CE32B}.Release|Any CPU.ActiveCfg = Release|Any CPU
		{A27EFB4F-228C-4333-8677-995E708CE32B}.Release|Any CPU.Build.0 = Release|Any CPU
	EndGlobalSection
	GlobalSection(SolutionProperties) = preSolution
		HideSolutionNode = FALSE
	EndGlobalSection
	GlobalSection(ExtensibilityGlobals) = postSolution
		SolutionGuid = {0F1A164F-4E04-4751-BFB9-EC67B3F15FC0}
	EndGlobalSection
EndGlobal
