
Microsoft Visual Studio Solution File, Format Version 12.00
# Visual Studio Version 16
VisualStudioVersion = 16.0.31105.61
MinimumVisualStudioVersion = 10.0.40219.1
Project("{FAE04EC0-301F-11D3-BF4B-00C04F79EFBC}") = "StackAnalysisDemo", "StackAnalysisDemo\StackAnalysisDemo.csproj", "{5AE50E78-CBFD-4260-B7FD-AF12F9BD308D}"
EndProject
Global
	GlobalSection(SolutionConfigurationPlatforms) = preSolution
		Debug|Any CPU = Debug|Any CPU
		Release|Any CPU = Release|Any CPU
	EndGlobalSection
	GlobalSection(ProjectConfigurationPlatforms) = postSolution
		{5AE50E78-CBFD-4260-B7FD-AF12F9BD308D}.Debug|Any CPU.ActiveCfg = Debug|Any CPU
		{5AE50E78-CBFD-4260-B7FD-AF12F9BD308D}.Debug|Any CPU.Build.0 = Debug|Any CPU
		{5AE50E78-CBFD-4260-B7FD-AF12F9BD308D}.Release|Any CPU.ActiveCfg = Release|Any CPU
		{5AE50E78-CBFD-4260-B7FD-AF12F9BD308D}.Release|Any CPU.Build.0 = Release|Any CPU
	EndGlobalSection
	GlobalSection(SolutionProperties) = preSolution
		HideSolutionNode = FALSE
	EndGlobalSection
	GlobalSection(ExtensibilityGlobals) = postSolution
		SolutionGuid = {87E034B0-6D96-4321-8A7D-A439F05D9118}
	EndGlobalSection
EndGlobal
